<?xml version="1.0" encoding="utf-8"?>
<Project ToolsVersion="4.0" xmlns="http://schemas.microsoft.com/developer/msbuild/2003">
  <ItemGroup>
    <Filter Include="Source Files">
      <UniqueIdentifier>{4FC737F1-C7A5-4376-A066-2A32D752A2FF}</UniqueIdentifier>
      <Extensions>cpp;c;cc;cxx;def;odl;idl;hpj;bat;asm;asmx</Extensions>
    </Filter>
    <Filter Include="Header Files">
      <UniqueIdentifier>{93995380-89BD-4b04-88EB-625FBE52EBFB}</UniqueIdentifier>
      <Extensions>h;hpp;hxx;hm;inl;inc;xsd</Extensions>
    </Filter>
    <Filter Include="Resource Files">
      <UniqueIdentifier>{67DA6AB6-F800-4c08-8B7A-83BB121AAD01}</UniqueIdentifier>
      <Extensions>rc;ico;cur;bmp;dlg;rc2;rct;bin;rgs;gif;jpg;jpeg;jpe;resx;tiff;tif;png;wav;mfcribbon-ms</Extensions>
    </Filter>
    <Filter Include="LZMA">
      <UniqueIdentifier>{0294b92d-8da7-4cf2-9009-98d2e1240003}</UniqueIdentifier>
    </Filter>
  </ItemGroup>
  <ItemGroup>
    <ClCompile Include="PackerMain.cpp">
      <Filter>Source Files</Filter>
    </ClCompile>
    <ClCompile Include="..\Win32\Win32File.cpp">
      <Filter>Source Files</Filter>
    </ClCompile>
    <ClCompile Include="..\Win32\Win32Loader.cpp">
      <Filter>Source Files</Filter>
    </ClCompile>
    <ClCompile Include="Win32Entry.cpp">
      <Filter>Source Files</Filter>
    </ClCompile>
    <ClCompile Include="..\Runtime\Option.cpp">
      <Filter>Source Files</Filter>
    </ClCompile>
    <ClCompile Include="..\Runtime\PEFormat.cpp">
      <Filter>Source Files</Filter>
    </ClCompile>
    <ClCompile Include="..\Runtime\Image.cpp">
      <Filter>Source Files</Filter>
    </ClCompile>
    <ClCompile Include="..\Win32\MSVCHelper.cpp">
      <Filter>Source Files</Filter>
    </ClCompile>
    <ClCompile Include="..\Runtime\Allocator.cpp">
      <Filter>Source Files</Filter>
    </ClCompile>
    <ClCompile Include="..\LZMA\LzmaDec.c">
      <Filter>LZMA</Filter>
    </ClCompile>
    <ClCompile Include="..\LZMA\LzmaEnc.c">
      <Filter>LZMA</Filter>
    </ClCompile>
    <ClCompile Include="..\LZMA\LzFind.c">
      <Filter>LZMA</Filter>
    </ClCompile>
    <ClCompile Include="..\Win32\Win32SysCall.cpp">
      <Filter>Source Files</Filter>
    </ClCompile>
    <ClCompile Include="..\Win32\Win32NativeHelper.cpp">
      <Filter>Source Files</Filter>
    </ClCompile>
  </ItemGroup>
  <ItemGroup>
    <ClInclude Include="PackerMain.h">
      <Filter>Header Files</Filter>
    </ClInclude>
    <ClInclude Include="..\Win32\Win32Structure.h">
      <Filter>Header Files</Filter>
    </ClInclude>
    <ClInclude Include="..\Win32\Win32File.h">
      <Filter>Header Files</Filter>
    </ClInclude>
    <ClInclude Include="..\Win32\Win32Loader.h">
      <Filter>Header Files</Filter>
    </ClInclude>
    <ClInclude Include="..\Util\SharedPtr.h">
      <Filter>Header Files</Filter>
    </ClInclude>
    <ClInclude Include="..\Util\String.h">
      <Filter>Header Files</Filter>
    </ClInclude>
    <ClInclude Include="..\Util\Util.h">
      <Filter>Header Files</Filter>
    </ClInclude>
    <ClInclude Include="..\Util\Vector.h">
      <Filter>Header Files</Filter>
    </ClInclude>
    <ClInclude Include="..\Util\List.h">
      <Filter>Header Files</Filter>
    </ClInclude>
    <ClInclude Include="..\Util\Map.h">
      <Filter>Header Files</Filter>
    </ClInclude>
    <ClInclude Include="..\Util\DataSource.h">
      <Filter>Header Files</Filter>
    </ClInclude>
    <ClInclude Include="..\Runtime\Option.h">
      <Filter>Header Files</Filter>
    </ClInclude>
    <ClInclude Include="..\Runtime\PEFormat.h">
      <Filter>Header Files</Filter>
    </ClInclude>
    <ClInclude Include="..\Runtime\PEHeader.h">
      <Filter>Header Files</Filter>
    </ClInclude>
    <ClInclude Include="..\Runtime\File.h">
      <Filter>Header Files</Filter>
    </ClInclude>
    <ClInclude Include="..\Runtime\FormatBase.h">
      <Filter>Header Files</Filter>
    </ClInclude>
    <ClInclude Include="..\Runtime\Image.h">
      <Filter>Header Files</Filter>
    </ClInclude>
    <ClInclude Include="..\Runtime\Signature.h">
      <Filter>Header Files</Filter>
    </ClInclude>
    <ClInclude Include="..\Runtime\Allocator.h">
      <Filter>Header Files</Filter>
    </ClInclude>
    <ClInclude Include="..\LZMA\LzHash.h">
      <Filter>LZMA</Filter>
    </ClInclude>
    <ClInclude Include="..\LZMA\LzmaDec.h">
      <Filter>LZMA</Filter>
    </ClInclude>
    <ClInclude Include="..\LZMA\LzmaEnc.h">
      <Filter>LZMA</Filter>
    </ClInclude>
    <ClInclude Include="..\LZMA\Types.h">
      <Filter>LZMA</Filter>
    </ClInclude>
    <ClInclude Include="..\LZMA\LzFind.h">
      <Filter>LZMA</Filter>
    </ClInclude>
    <ClInclude Include="..\Win32\Win32SysCall.h">
      <Filter>Header Files</Filter>
    </ClInclude>
    <ClInclude Include="..\Win32\Win32NativeHelper.h">
      <Filter>Header Files</Filter>
    </ClInclude>
  </ItemGroup>
</Project>